// !$*UTF8*$!
{
	archiveVersion = 1;
	classes = {
	};
	objectVersion = 77;
	objects = {

/* Begin PBXBuildFile section */
		52A6EE3E2CF3FC5000D6242B /* TripEntity+CoreDataProperties.swift in Sources */ = {isa = PBXBuildFile; fileRef = 52A6EE3D2CF3FC5000D6242B /* TripEntity+CoreDataProperties.swift */; };
		52A6EE3F2CF3FC5000D6242B /* TripEntity.swift in Sources */ = {isa = PBXBuildFile; fileRef = 52A6EE3C2CF3FC5000D6242B /* TripEntity.swift */; };
		52A6EE422CF4A33000D6242B /* DestinationEntity+CoreDataProperties.swift in Sources */ = {isa = PBXBuildFile; fileRef = 52A6EE412CF4A33000D6242B /* DestinationEntity+CoreDataProperties.swift */; };
		52A6EE432CF4A33000D6242B /* DestinationEntity.swift in Sources */ = {isa = PBXBuildFile; fileRef = 52A6EE402CF4A33000D6242B /* DestinationEntity.swift */; };
/* End PBXBuildFile section */

/* Begin PBXContainerItemProxy section */
		52EA1EBA2CE92CD50047108F /* PBXContainerItemProxy */ = {
			isa = PBXContainerItemProxy;
			containerPortal = 52EA1EA12CE92CD20047108F /* Project object */;
			proxyType = 1;
			remoteGlobalIDString = 52EA1EA82CE92CD20047108F;
			remoteInfo = insurancePlanSwiftUI;
		};
		52EA1EC42CE92CD50047108F /* PBXContainerItemProxy */ = {
			isa = PBXContainerItemProxy;
			containerPortal = 52EA1EA12CE92CD20047108F /* Project object */;
			proxyType = 1;
			remoteGlobalIDString = 52EA1EA82CE92CD20047108F;
			remoteInfo = insurancePlanSwiftUI;
		};
/* End PBXContainerItemProxy section */

/* Begin PBXFileReference section */
		52A6EE3C2CF3FC5000D6242B /* TripEntity.swift */ = {isa = PBXFileReference; lastKnownFileType = sourcecode.swift; path = TripEntity.swift; sourceTree = "<group>"; };
		52A6EE3D2CF3FC5000D6242B /* TripEntity+CoreDataProperties.swift */ = {isa = PBXFileReference; lastKnownFileType = sourcecode.swift; path = "TripEntity+CoreDataProperties.swift"; sourceTree = "<group>"; };
		52A6EE402CF4A33000D6242B /* DestinationEntity.swift */ = {isa = PBXFileReference; lastKnownFileType = sourcecode.swift; path = DestinationEntity.swift; sourceTree = "<group>"; };
		52A6EE412CF4A33000D6242B /* DestinationEntity+CoreDataProperties.swift */ = {isa = PBXFileReference; lastKnownFileType = sourcecode.swift; path = "DestinationEntity+CoreDataProperties.swift"; sourceTree = "<group>"; };
		52EA1EA92CE92CD20047108F /* TravelPlanSwiftUI.app */ = {isa = PBXFileReference; explicitFileType = wrapper.application; includeInIndex = 0; path = TravelPlanSwiftUI.app; sourceTree = BUILT_PRODUCTS_DIR; };
		52EA1EB92CE92CD50047108F /* TravelPlanSwiftUITests.xctest */ = {isa = PBXFileReference; explicitFileType = wrapper.cfbundle; includeInIndex = 0; path = TravelPlanSwiftUITests.xctest; sourceTree = BUILT_PRODUCTS_DIR; };
		52EA1EC32CE92CD50047108F /* TravelPlanSwiftUIUITests.xctest */ = {isa = PBXFileReference; explicitFileType = wrapper.cfbundle; includeInIndex = 0; path = TravelPlanSwiftUIUITests.xctest; sourceTree = BUILT_PRODUCTS_DIR; };
/* End PBXFileReference section */

/* Begin PBXFileSystemSynchronizedRootGroup section */
		52EA1EAB2CE92CD20047108F /* TravelPlanSwiftUI */ = {
			isa = PBXFileSystemSynchronizedRootGroup;
			path = TravelPlanSwiftUI;
			sourceTree = "<group>";
		};
		52EA1EBC2CE92CD50047108F /* TravelPlanSwiftUITests */ = {
			isa = PBXFileSystemSynchronizedRootGroup;
			path = TravelPlanSwiftUITests;
			sourceTree = "<group>";
		};
		52EA1EC62CE92CD50047108F /* TravelPlanSwiftUIUITests */ = {
			isa = PBXFileSystemSynchronizedRootGroup;
			path = TravelPlanSwiftUIUITests;
			sourceTree = "<group>";
		};
/* End PBXFileSystemSynchronizedRootGroup section */

/* Begin PBXFrameworksBuildPhase section */
		52EA1EA62CE92CD20047108F /* Frameworks */ = {
			isa = PBXFrameworksBuildPhase;
			buildActionMask = 2147483647;
			files = (
			);
			runOnlyForDeploymentPostprocessing = 0;
		};
		52EA1EB62CE92CD50047108F /* Frameworks */ = {
			isa = PBXFrameworksBuildPhase;
			buildActionMask = 2147483647;
			files = (
			);
			runOnlyForDeploymentPostprocessing = 0;
		};
		52EA1EC02CE92CD50047108F /* Frameworks */ = {
			isa = PBXFrameworksBuildPhase;
			buildActionMask = 2147483647;
			files = (
			);
			runOnlyForDeploymentPostprocessing = 0;
		};
/* End PBXFrameworksBuildPhase section */

/* Begin PBXGroup section */
		52EA1EA02CE92CD20047108F = {
			isa = PBXGroup;
			children = (
				52A6EE402CF4A33000D6242B /* DestinationEntity.swift */,
				52A6EE412CF4A33000D6242B /* DestinationEntity+CoreDataProperties.swift */,
				52A6EE3C2CF3FC5000D6242B /* TripEntity.swift */,
				52A6EE3D2CF3FC5000D6242B /* TripEntity+CoreDataProperties.swift */,
				52EA1EAB2CE92CD20047108F /* TravelPlanSwiftUI */,
				52EA1EBC2CE92CD50047108F /* TravelPlanSwiftUITests */,
				52EA1EC62CE92CD50047108F /* TravelPlanSwiftUIUITests */,
				52EA1EAA2CE92CD20047108F /* Products */,
			);
			sourceTree = "<group>";
		};
		52EA1EAA2CE92CD20047108F /* Products */ = {
			isa = PBXGroup;
			children = (
				52EA1EA92CE92CD20047108F /* TravelPlanSwiftUI.app */,
				52EA1EB92CE92CD50047108F /* TravelPlanSwiftUITests.xctest */,
				52EA1EC32CE92CD50047108F /* TravelPlanSwiftUIUITests.xctest */,
			);
			name = Products;
			sourceTree = "<group>";
		};
/* End PBXGroup section */

/* Begin PBXNativeTarget section */
		52EA1EA82CE92CD20047108F /* TravelPlanSwiftUI */ = {
			isa = PBXNativeTarget;
			buildConfigurationList = 52EA1ECD2CE92CD60047108F /* Build configuration list for PBXNativeTarget "TravelPlanSwiftUI" */;
			buildPhases = (
				52EA1EA52CE92CD20047108F /* Sources */,
				52EA1EA62CE92CD20047108F /* Frameworks */,
				52EA1EA72CE92CD20047108F /* Resources */,
			);
			buildRules = (
			);
			dependencies = (
			);
			fileSystemSynchronizedGroups = (
				52EA1EAB2CE92CD20047108F /* TravelPlanSwiftUI */,
			);
			name = TravelPlanSwiftUI;
			packageProductDependencies = (
			);
			productName = insurancePlanSwiftUI;
			productReference = 52EA1EA92CE92CD20047108F /* TravelPlanSwiftUI.app */;
			productType = "com.apple.product-type.application";
		};
		52EA1EB82CE92CD50047108F /* TravelPlanSwiftUITests */ = {
			isa = PBXNativeTarget;
			buildConfigurationList = 52EA1ED02CE92CD60047108F /* Build configuration list for PBXNativeTarget "TravelPlanSwiftUITests" */;
			buildPhases = (
				52EA1EB52CE92CD50047108F /* Sources */,
				52EA1EB62CE92CD50047108F /* Frameworks */,
				52EA1EB72CE92CD50047108F /* Resources */,
			);
			buildRules = (
			);
			dependencies = (
				52EA1EBB2CE92CD50047108F /* PBXTargetDependency */,
			);
			fileSystemSynchronizedGroups = (
				52EA1EBC2CE92CD50047108F /* TravelPlanSwiftUITests */,
			);
			name = TravelPlanSwiftUITests;
			packageProductDependencies = (
			);
			productName = insurancePlanSwiftUITests;
			productReference = 52EA1EB92CE92CD50047108F /* TravelPlanSwiftUITests.xctest */;
			productType = "com.apple.product-type.bundle.unit-test";
		};
		52EA1EC22CE92CD50047108F /* TravelPlanSwiftUIUITests */ = {
			isa = PBXNativeTarget;
			buildConfigurationList = 52EA1ED32CE92CD60047108F /* Build configuration list for PBXNativeTarget "TravelPlanSwiftUIUITests" */;
			buildPhases = (
				52EA1EBF2CE92CD50047108F /* Sources */,
				52EA1EC02CE92CD50047108F /* Frameworks */,
				52EA1EC12CE92CD50047108F /* Resources */,
			);
			buildRules = (
			);
			dependencies = (
				52EA1EC52CE92CD50047108F /* PBXTargetDependency */,
			);
			fileSystemSynchronizedGroups = (
				52EA1EC62CE92CD50047108F /* TravelPlanSwiftUIUITests */,
			);
			name = TravelPlanSwiftUIUITests;
			packageProductDependencies = (
			);
			productName = insurancePlanSwiftUIUITests;
			productReference = 52EA1EC32CE92CD50047108F /* TravelPlanSwiftUIUITests.xctest */;
			productType = "com.apple.product-type.bundle.ui-testing";
		};
/* End PBXNativeTarget section */

/* Begin PBXProject section */
		52EA1EA12CE92CD20047108F /* Project object */ = {
			isa = PBXProject;
			attributes = {
				BuildIndependentTargetsInParallel = 1;
				LastSwiftUpdateCheck = 1600;
				LastUpgradeCheck = 1600;
				TargetAttributes = {
					52EA1EA82CE92CD20047108F = {
						CreatedOnToolsVersion = 16.0;
					};
					52EA1EB82CE92CD50047108F = {
						CreatedOnToolsVersion = 16.0;
						TestTargetID = 52EA1EA82CE92CD20047108F;
					};
					52EA1EC22CE92CD50047108F = {
						CreatedOnToolsVersion = 16.0;
						TestTargetID = 52EA1EA82CE92CD20047108F;
					};
				};
			};
			buildConfigurationList = 52EA1EA42CE92CD20047108F /* Build configuration list for PBXProject "TravelPlanSwiftUI" */;
			developmentRegion = en;
			hasScannedForEncodings = 0;
			knownRegions = (
				en,
				Base,
			);
			mainGroup = 52EA1EA02CE92CD20047108F;
			minimizedProjectReferenceProxies = 1;
			preferredProjectObjectVersion = 77;
			productRefGroup = 52EA1EAA2CE92CD20047108F /* Products */;
			projectDirPath = "";
			projectRoot = "";
			targets = (
				52EA1EA82CE92CD20047108F /* TravelPlanSwiftUI */,
				52EA1EB82CE92CD50047108F /* TravelPlanSwiftUITests */,
				52EA1EC22CE92CD50047108F /* TravelPlanSwiftUIUITests */,
			);
		};
/* End PBXProject section */

/* Begin PBXResourcesBuildPhase section */
		52EA1EA72CE92CD20047108F /* Resources */ = {
			isa = PBXResourcesBuildPhase;
			buildActionMask = 2147483647;
			files = (
			);
			runOnlyForDeploymentPostprocessing = 0;
		};
		52EA1EB72CE92CD50047108F /* Resources */ = {
			isa = PBXResourcesBuildPhase;
			buildActionMask = 2147483647;
			files = (
			);
			runOnlyForDeploymentPostprocessing = 0;
		};
		52EA1EC12CE92CD50047108F /* Resources */ = {
			isa = PBXResourcesBuildPhase;
			buildActionMask = 2147483647;
			files = (
			);
			runOnlyForDeploymentPostprocessing = 0;
		};
/* End PBXResourcesBuildPhase section */

/* Begin PBXSourcesBuildPhase section */
		52EA1EA52CE92CD20047108F /* Sources */ = {
			isa = PBXSourcesBuildPhase;
			buildActionMask = 2147483647;
			files = (
				52A6EE422CF4A33000D6242B /* DestinationEntity+CoreDataProperties.swift in Sources */,
				52A6EE432CF4A33000D6242B /* DestinationEntity.swift in Sources */,
				52A6EE3E2CF3FC5000D6242B /* TripEntity+CoreDataProperties.swift in Sources */,
				52A6EE3F2CF3FC5000D6242B /* TripEntity.swift in Sources */,
			);
			runOnlyForDeploymentPostprocessing = 0;
		};
		52EA1EB52CE92CD50047108F /* Sources */ = {
			isa = PBXSourcesBuildPhase;
			buildActionMask = 2147483647;
			files = (
			);
			runOnlyForDeploymentPostprocessing = 0;
		};
		52EA1EBF2CE92CD50047108F /* Sources */ = {
			isa = PBXSourcesBuildPhase;
			buildActionMask = 2147483647;
			files = (
			);
			runOnlyForDeploymentPostprocessing = 0;
		};
/* End PBXSourcesBuildPhase section */

/* Begin PBXTargetDependency section */
		52EA1EBB2CE92CD50047108F /* PBXTargetDependency */ = {
			isa = PBXTargetDependency;
			target = 52EA1EA82CE92CD20047108F /* TravelPlanSwiftUI */;
			targetProxy = 52EA1EBA2CE92CD50047108F /* PBXContainerItemProxy */;
		};
		52EA1EC52CE92CD50047108F /* PBXTargetDependency */ = {
			isa = PBXTargetDependency;
			target = 52EA1EA82CE92CD20047108F /* TravelPlanSwiftUI */;
			targetProxy = 52EA1EC42CE92CD50047108F /* PBXContainerItemProxy */;
		};
/* End PBXTargetDependency section */

/* Begin XCBuildConfiguration section */
		52EA1ECB2CE92CD60047108F /* Debug */ = {
			isa = XCBuildConfiguration;
			buildSettings = {
				ALWAYS_SEARCH_USER_PATHS = NO;
				ASSETCATALOG_COMPILER_GENERATE_SWIFT_ASSET_SYMBOL_EXTENSIONS = YES;
				CLANG_ANALYZER_NONNULL = YES;
				CLANG_ANALYZER_NUMBER_OBJECT_CONVERSION = YES_AGGRESSIVE;
				CLANG_CXX_LANGUAGE_STANDARD = "gnu++20";
				CLANG_ENABLE_MODULES = YES;
				CLANG_ENABLE_OBJC_ARC = YES;
				CLANG_ENABLE_OBJC_WEAK = YES;
				CLANG_WARN_BLOCK_CAPTURE_AUTORELEASING = YES;
				CLANG_WARN_BOOL_CONVERSION = YES;
				CLANG_WARN_COMMA = YES;
				CLANG_WARN_CONSTANT_CONVERSION = YES;
				CLANG_WARN_DEPRECATED_OBJC_IMPLEMENTATIONS = YES;
				CLANG_WARN_DIRECT_OBJC_ISA_USAGE = YES_ERROR;
				CLANG_WARN_DOCUMENTATION_COMMENTS = YES;
				CLANG_WARN_EMPTY_BODY = YES;
				CLANG_WARN_ENUM_CONVERSION = YES;
				CLANG_WARN_INFINITE_RECURSION = YES;
				CLANG_WARN_INT_CONVERSION = YES;
				CLANG_WARN_NON_LITERAL_NULL_CONVERSION = YES;
				CLANG_WARN_OBJC_IMPLICIT_RETAIN_SELF = YES;
				CLANG_WARN_OBJC_LITERAL_CONVERSION = YES;
				CLANG_WARN_OBJC_ROOT_CLASS = YES_ERROR;
				CLANG_WARN_QUOTED_INCLUDE_IN_FRAMEWORK_HEADER = YES;
				CLANG_WARN_RANGE_LOOP_ANALYSIS = YES;
				CLANG_WARN_STRICT_PROTOTYPES = YES;
				CLANG_WARN_SUSPICIOUS_MOVE = YES;
				CLANG_WARN_UNGUARDED_AVAILABILITY = YES_AGGRESSIVE;
				CLANG_WARN_UNREACHABLE_CODE = YES;
				CLANG_WARN__DUPLICATE_METHOD_MATCH = YES;
				COPY_PHASE_STRIP = NO;
				DEBUG_INFORMATION_FORMAT = dwarf;
				ENABLE_STRICT_OBJC_MSGSEND = YES;
				ENABLE_TESTABILITY = YES;
				ENABLE_USER_SCRIPT_SANDBOXING = YES;
				GCC_C_LANGUAGE_STANDARD = gnu17;
				GCC_DYNAMIC_NO_PIC = NO;
				GCC_NO_COMMON_BLOCKS = YES;
				GCC_OPTIMIZATION_LEVEL = 0;
				GCC_PREPROCESSOR_DEFINITIONS = (
					"DEBUG=1",
					"$(inherited)",
				);
				GCC_WARN_64_TO_32_BIT_CONVERSION = YES;
				GCC_WARN_ABOUT_RETURN_TYPE = YES_ERROR;
				GCC_WARN_UNDECLARED_SELECTOR = YES;
				GCC_WARN_UNINITIALIZED_AUTOS = YES_AGGRESSIVE;
				GCC_WARN_UNUSED_FUNCTION = YES;
				GCC_WARN_UNUSED_VARIABLE = YES;
				IPHONEOS_DEPLOYMENT_TARGET = 18.0;
				LOCALIZATION_PREFERS_STRING_CATALOGS = YES;
				MTL_ENABLE_DEBUG_INFO = INCLUDE_SOURCE;
				MTL_FAST_MATH = YES;
				ONLY_ACTIVE_ARCH = YES;
				SDKROOT = iphoneos;
				SWIFT_ACTIVE_COMPILATION_CONDITIONS = "DEBUG $(inherited)";
				SWIFT_OPTIMIZATION_LEVEL = "-Onone";
			};
			name = Debug;
		};
		52EA1ECC2CE92CD60047108F /* Release */ = {
			isa = XCBuildConfiguration;
			buildSettings = {
				ALWAYS_SEARCH_USER_PATHS = NO;
				ASSETCATALOG_COMPILER_GENERATE_SWIFT_ASSET_SYMBOL_EXTENSIONS = YES;
				CLANG_ANALYZER_NONNULL = YES;
				CLANG_ANALYZER_NUMBER_OBJECT_CONVERSION = YES_AGGRESSIVE;
				CLANG_CXX_LANGUAGE_STANDARD = "gnu++20";
				CLANG_ENABLE_MODULES = YES;
				CLANG_ENABLE_OBJC_ARC = YES;
				CLANG_ENABLE_OBJC_WEAK = YES;
				CLANG_WARN_BLOCK_CAPTURE_AUTORELEASING = YES;
				CLANG_WARN_BOOL_CONVERSION = YES;
				CLANG_WARN_COMMA = YES;
				CLANG_WARN_CONSTANT_CONVERSION = YES;
				CLANG_WARN_DEPRECATED_OBJC_IMPLEMENTATIONS = YES;
				CLANG_WARN_DIRECT_OBJC_ISA_USAGE = YES_ERROR;
				CLANG_WARN_DOCUMENTATION_COMMENTS = YES;
				CLANG_WARN_EMPTY_BODY = YES;
				CLANG_WARN_ENUM_CONVERSION = YES;
				CLANG_WARN_INFINITE_RECURSION = YES;
				CLANG_WARN_INT_CONVERSION = YES;
				CLANG_WARN_NON_LITERAL_NULL_CONVERSION = YES;
				CLANG_WARN_OBJC_IMPLICIT_RETAIN_SELF = YES;
				CLANG_WARN_OBJC_LITERAL_CONVERSION = YES;
				CLANG_WARN_OBJC_ROOT_CLASS = YES_ERROR;
				CLANG_WARN_QUOTED_INCLUDE_IN_FRAMEWORK_HEADER = YES;
				CLANG_WARN_RANGE_LOOP_ANALYSIS = YES;
				CLANG_WARN_STRICT_PROTOTYPES = YES;
				CLANG_WARN_SUSPICIOUS_MOVE = YES;
				CLANG_WARN_UNGUARDED_AVAILABILITY = YES_AGGRESSIVE;
				CLANG_WARN_UNREACHABLE_CODE = YES;
				CLANG_WARN__DUPLICATE_METHOD_MATCH = YES;
				COPY_PHASE_STRIP = NO;
				DEBUG_INFORMATION_FORMAT = "dwarf-with-dsym";
				ENABLE_NS_ASSERTIONS = NO;
				ENABLE_STRICT_OBJC_MSGSEND = YES;
				ENABLE_USER_SCRIPT_SANDBOXING = YES;
				GCC_C_LANGUAGE_STANDARD = gnu17;
				GCC_NO_COMMON_BLOCKS = YES;
				GCC_WARN_64_TO_32_BIT_CONVERSION = YES;
				GCC_WARN_ABOUT_RETURN_TYPE = YES_ERROR;
				GCC_WARN_UNDECLARED_SELECTOR = YES;
				GCC_WARN_UNINITIALIZED_AUTOS = YES_AGGRESSIVE;
				GCC_WARN_UNUSED_FUNCTION = YES;
				GCC_WARN_UNUSED_VARIABLE = YES;
				IPHONEOS_DEPLOYMENT_TARGET = 18.0;
				LOCALIZATION_PREFERS_STRING_CATALOGS = YES;
				MTL_ENABLE_DEBUG_INFO = NO;
				MTL_FAST_MATH = YES;
				SDKROOT = iphoneos;
				SWIFT_COMPILATION_MODE = wholemodule;
				VALIDATE_PRODUCT = YES;
			};
			name = Release;
		};
		52EA1ECE2CE92CD60047108F /* Debug */ = {
			isa = XCBuildConfiguration;
			buildSettings = {
				ASSETCATALOG_COMPILER_APPICON_NAME = AppIcon;
				ASSETCATALOG_COMPILER_GLOBAL_ACCENT_COLOR_NAME = AccentColor;
				CODE_SIGN_STYLE = Automatic;
				CURRENT_PROJECT_VERSION = 1;
				DEVELOPMENT_ASSET_PATHS = "\"TravelPlanSwiftUI/Preview Content\"";
				DEVELOPMENT_TEAM = 548MGJ5AG9;
				ENABLE_PREVIEWS = YES;
				GENERATE_INFOPLIST_FILE = YES;
				INFOPLIST_KEY_UIApplicationSceneManifest_Generation = YES;
				INFOPLIST_KEY_UIApplicationSupportsIndirectInputEvents = YES;
				INFOPLIST_KEY_UILaunchScreen_Generation = YES;
				INFOPLIST_KEY_UISupportedInterfaceOrientations_iPad = "UIInterfaceOrientationPortrait UIInterfaceOrientationPortraitUpsideDown UIInterfaceOrientationLandscapeLeft UIInterfaceOrientationLandscapeRight";
				INFOPLIST_KEY_UISupportedInterfaceOrientations_iPhone = "UIInterfaceOrientationPortrait UIInterfaceOrientationLandscapeLeft UIInterfaceOrientationLandscapeRight";
				LD_RUNPATH_SEARCH_PATHS = (
					"$(inherited)",
					"@executable_path/Frameworks",
				);
				MARKETING_VERSION = 1.0;
				PRODUCT_BUNDLE_IDENTIFIER = assignment11;
				PRODUCT_NAME = "$(TARGET_NAME)";
				SWIFT_EMIT_LOC_STRINGS = YES;
				SWIFT_VERSION = 5.0;
				TARGETED_DEVICE_FAMILY = "1,2";
			};
			name = Debug;
		};
		52EA1ECF2CE92CD60047108F /* Release */ = {
			isa = XCBuildConfiguration;
			buildSettings = {
				ASSETCATALOG_COMPILER_APPICON_NAME = AppIcon;
				ASSETCATALOG_COMPILER_GLOBAL_ACCENT_COLOR_NAME = AccentColor;
				CODE_SIGN_STYLE = Automatic;
				CURRENT_PROJECT_VERSION = 1;
				DEVELOPMENT_ASSET_PATHS = "\"TravelPlanSwiftUI/Preview Content\"";
				DEVELOPMENT_TEAM = 548MGJ5AG9;
				ENABLE_PREVIEWS = YES;
				GENERATE_INFOPLIST_FILE = YES;
				INFOPLIST_KEY_UIApplicationSceneManifest_Generation = YES;
				INFOPLIST_KEY_UIApplicationSupportsIndirectInputEvents = YES;
				INFOPLIST_KEY_UILaunchScreen_Generation = YES;
				INFOPLIST_KEY_UISupportedInterfaceOrientations_iPad = "UIInterfaceOrientationPortrait UIInterfaceOrientationPortraitUpsideDown UIInterfaceOrientationLandscapeLeft UIInterfaceOrientationLandscapeRight";
				INFOPLIST_KEY_UISupportedInterfaceOrientations_iPhone = "UIInterfaceOrientationPortrait UIInterfaceOrientationLandscapeLeft UIInterfaceOrientationLandscapeRight";
				LD_RUNPATH_SEARCH_PATHS = (
					"$(inherited)",
					"@executable_path/Frameworks",
				);
				MARKETING_VERSION = 1.0;
				PRODUCT_BUNDLE_IDENTIFIER = assignment11;
				PRODUCT_NAME = "$(TARGET_NAME)";
				SWIFT_EMIT_LOC_STRINGS = YES;
				SWIFT_VERSION = 5.0;
				TARGETED_DEVICE_FAMILY = "1,2";
			};
			name = Release;
		};
		52EA1ED12CE92CD60047108F /* Debug */ = {
			isa = XCBuildConfiguration;
			buildSettings = {
				BUNDLE_LOADER = "$(TEST_HOST)";
				CODE_SIGN_STYLE = Automatic;
				CURRENT_PROJECT_VERSION = 1;
				DEVELOPMENT_TEAM = 548MGJ5AG9;
				GENERATE_INFOPLIST_FILE = YES;
				IPHONEOS_DEPLOYMENT_TARGET = 18.0;
				MARKETING_VERSION = 1.0;
				PRODUCT_BUNDLE_IDENTIFIER = assignmetn11shravan1;
				PRODUCT_NAME = "$(TARGET_NAME)";
				SWIFT_EMIT_LOC_STRINGS = NO;
				SWIFT_VERSION = 5.0;
				TARGETED_DEVICE_FAMILY = "1,2";
				TEST_HOST = "$(BUILT_PRODUCTS_DIR)/TravelPlanSwiftUI.app/$(BUNDLE_EXECUTABLE_FOLDER_PATH)/TravelPlanSwiftUI";
			};
			name = Debug;
		};
		52EA1ED22CE92CD60047108F /* Release */ = {
			isa = XCBuildConfiguration;
			buildSettings = {
				BUNDLE_LOADER = "$(TEST_HOST)";
				CODE_SIGN_STYLE = Automatic;
				CURRENT_PROJECT_VERSION = 1;
				DEVELOPMENT_TEAM = 548MGJ5AG9;
				GENERATE_INFOPLIST_FILE = YES;
				IPHONEOS_DEPLOYMENT_TARGET = 18.0;
				MARKETING_VERSION = 1.0;
				PRODUCT_BUNDLE_IDENTIFIER = assignmetn11shravan1;
				PRODUCT_NAME = "$(TARGET_NAME)";
				SWIFT_EMIT_LOC_STRINGS = NO;
				SWIFT_VERSION = 5.0;
				TARGETED_DEVICE_FAMILY = "1,2";
				TEST_HOST = "$(BUILT_PRODUCTS_DIR)/TravelPlanSwiftUI.app/$(BUNDLE_EXECUTABLE_FOLDER_PATH)/TravelPlanSwiftUI";
			};
			name = Release;
		};
		52EA1ED42CE92CD60047108F /* Debug */ = {
			isa = XCBuildConfiguration;
			buildSettings = {
				CODE_SIGN_STYLE = Automatic;
				CURRENT_PROJECT_VERSION = 1;
				DEVELOPMENT_TEAM = 548MGJ5AG9;
				GENERATE_INFOPLIST_FILE = YES;
				MARKETING_VERSION = 1.0;
				PRODUCT_BUNDLE_IDENTIFIER = assignment11shravan2;
				PRODUCT_NAME = "$(TARGET_NAME)";
				SWIFT_EMIT_LOC_STRINGS = NO;
				SWIFT_VERSION = 5.0;
				TARGETED_DEVICE_FAMILY = "1,2";
				TEST_TARGET_NAME = insurancePlanSwiftUI;
			};
			name = Debug;
		};
		52EA1ED52CE92CD60047108F /* Release */ = {
			isa = XCBuildConfiguration;
			buildSettings = {
				CODE_SIGN_STYLE = Automatic;
				CURRENT_PROJECT_VERSION = 1;
				DEVELOPMENT_TEAM = 548MGJ5AG9;
				GENERATE_INFOPLIST_FILE = YES;
				MARKETING_VERSION = 1.0;
				PRODUCT_BUNDLE_IDENTIFIER = assignment11shravan2;
				PRODUCT_NAME = "$(TARGET_NAME)";
				SWIFT_EMIT_LOC_STRINGS = NO;
				SWIFT_VERSION = 5.0;
				TARGETED_DEVICE_FAMILY = "1,2";
				TEST_TARGET_NAME = insurancePlanSwiftUI;
			};
			name = Release;
		};
/* End XCBuildConfiguration section */

/* Begin XCConfigurationList section */
		52EA1EA42CE92CD20047108F /* Build configuration list for PBXProject "TravelPlanSwiftUI" */ = {
			isa = XCConfigurationList;
			buildConfigurations = (
				52EA1ECB2CE92CD60047108F /* Debug */,
				52EA1ECC2CE92CD60047108F /* Release */,
			);
			defaultConfigurationIsVisible = 0;
			defaultConfigurationName = Release;
		};
		52EA1ECD2CE92CD60047108F /* Build configuration list for PBXNativeTarget "TravelPlanSwiftUI" */ = {
			isa = XCConfigurationList;
			buildConfigurations = (
				52EA1ECE2CE92CD60047108F /* Debug */,
				52EA1ECF2CE92CD60047108F /* Release */,
			);
			defaultConfigurationIsVisible = 0;
			defaultConfigurationName = Release;
		};
		52EA1ED02CE92CD60047108F /* Build configuration list for PBXNativeTarget "TravelPlanSwiftUITests" */ = {
			isa = XCConfigurationList;
			buildConfigurations = (
				52EA1ED12CE92CD60047108F /* Debug */,
				52EA1ED22CE92CD60047108F /* Release */,
			);
			defaultConfigurationIsVisible = 0;
			defaultConfigurationName = Release;
		};
		52EA1ED32CE92CD60047108F /* Build configuration list for PBXNativeTarget "TravelPlanSwiftUIUITests" */ = {
			isa = XCConfigurationList;
			buildConfigurations = (
				52EA1ED42CE92CD60047108F /* Debug */,
				52EA1ED52CE92CD60047108F /* Release */,
			);
			defaultConfigurationIsVisible = 0;
			defaultConfigurationName = Release;
		};
/* End XCConfigurationList section */
	};
	rootObject = 52EA1EA12CE92CD20047108F /* Project object */;
}
